<?xml version="1.0" encoding="utf-8"?>
<Project ToolsVersion="4.0" xmlns="http://schemas.microsoft.com/developer/msbuild/2003">
  <ItemGroup>
    <Filter Include="Source Files">
      <UniqueIdentifier>{4FC737F1-C7A5-4376-A066-2A32D752A2FF}</UniqueIdentifier>
      <Extensions>cpp;cxx;c;def</Extensions>
    </Filter>
    <Filter Include="Header Files">
      <UniqueIdentifier>{93995380-89BD-4b04-88EB-625FBE52EBFB}</UniqueIdentifier>
      <Extensions>h</Extensions>
    </Filter>
    <Filter Include="Form Files">
      <UniqueIdentifier>{99349809-55BA-4b9d-BF79-8FDBB0286EB3}</UniqueIdentifier>
      <Extensions>ui</Extensions>
    </Filter>
    <Filter Include="Resource Files">
      <UniqueIdentifier>{D9D6E242-F8AF-46E4-B9FD-80ECBC20BA3E}</UniqueIdentifier>
      <Extensions>qrc;*</Extensions>
      <ParseFiles>false</ParseFiles>
    </Filter>
    <Filter Include="Generated Files">
      <UniqueIdentifier>{71ED8ED8-ACB9-4CE9-BBE1-E00B30144E11}</UniqueIdentifier>
      <Extensions>moc;h;cpp</Extensions>
      <SourceControlFiles>False</SourceControlFiles>
    </Filter>
    <Filter Include="Generated Files\Debug">
      <UniqueIdentifier>{604a3083-139d-4db0-8838-63311ccaa48d}</UniqueIdentifier>
      <Extensions>cpp;moc</Extensions>
      <SourceControlFiles>False</SourceControlFiles>
    </Filter>
    <Filter Include="Generated Files\Release">
      <UniqueIdentifier>{c40a9811-d64d-4458-a228-47e3e686b1e2}</UniqueIdentifier>
      <Extensions>cpp;moc</Extensions>
      <SourceControlFiles>False</SourceControlFiles>
    </Filter>
    <Filter Include="data">
      <UniqueIdentifier>{3f32e23c-3013-47e3-a662-30c09e9d4d8d}</UniqueIdentifier>
    </Filter>
  </ItemGroup>
  <ItemGroup>
    <ClCompile Include="main.cpp">
      <Filter>Source Files</Filter>
    </ClCompile>
    <ClCompile Include="mtplay.cpp">
      <Filter>Source Files</Filter>
    </ClCompile>
    <ClCompile Include="GeneratedFiles\Debug\moc_mtplay.cpp">
      <Filter>Generated Files\Debug</Filter>
    </ClCompile>
    <ClCompile Include="GeneratedFiles\Release\moc_mtplay.cpp">
      <Filter>Generated Files\Release</Filter>
    </ClCompile>
    <ClCompile Include="GeneratedFiles\qrc_mtplay.cpp">
      <Filter>Generated Files</Filter>
    </ClCompile>
    <ClCompile Include="Mt_VideoWidget.cpp">
      <Filter>Source Files</Filter>
    </ClCompile>
    <ClCompile Include="GeneratedFiles\Debug\moc_Mt_VideoWidget.cpp">
      <Filter>Generated Files\Debug</Filter>
    </ClCompile>
    <ClCompile Include="GeneratedFiles\Release\moc_Mt_VideoWidget.cpp">
      <Filter>Generated Files\Release</Filter>
    </ClCompile>
    <ClCompile Include="Mt_deque.cpp">
      <Filter>Source Files</Filter>
    </ClCompile>
    <ClCompile Include="Mt_OpenVideo.cpp">
      <Filter>Source Files</Filter>
    </ClCompile>
    <ClCompile Include="Mt_VideoDecode.cpp">
      <Filter>Source Files</Filter>
    </ClCompile>
    <ClCompile Include="Mt_VideoThread.cpp">
      <Filter>Source Files</Filter>
    </ClCompile>
    <ClCompile Include="GeneratedFiles\Debug\moc_Mt_VideoThread.cpp">
      <Filter>Generated Files\Debug</Filter>
    </ClCompile>
    <ClCompile Include="GeneratedFiles\Release\moc_Mt_VideoThread.cpp">
      <Filter>Generated Files\Release</Filter>
    </ClCompile>
    <ClCompile Include="Mt_AudioPlay.cpp">
      <Filter>Source Files</Filter>
    </ClCompile>
    <ClCompile Include="Mt_AudioThread.cpp">
      <Filter>Source Files</Filter>
    </ClCompile>
    <ClCompile Include="GeneratedFiles\Debug\moc_Mt_AudioThread.cpp">
      <Filter>Generated Files\Debug</Filter>
    </ClCompile>
    <ClCompile Include="GeneratedFiles\Release\moc_Mt_AudioThread.cpp">
      <Filter>Generated Files\Release</Filter>
    </ClCompile>
    <ClCompile Include="Mt_ReadThread.cpp">
      <Filter>Source Files</Filter>
    </ClCompile>
    <ClCompile Include="GeneratedFiles\Debug\moc_Mt_ReadThread.cpp">
      <Filter>Generated Files\Debug</Filter>
    </ClCompile>
    <ClCompile Include="GeneratedFiles\Release\moc_Mt_ReadThread.cpp">
      <Filter>Generated Files\Release</Filter>
    </ClCompile>
  </ItemGroup>
  <ItemGroup>
    <CustomBuild Include="mtplay.h">
      <Filter>Header Files</Filter>
    </CustomBuild>
    <CustomBuild Include="mtplay.ui">
      <Filter>Form Files</Filter>
    </CustomBuild>
    <CustomBuild Include="mtplay.qrc">
      <Filter>Resource Files</Filter>
    </CustomBuild>
    <CustomBuild Include="Mt_VideoWidget.h">
      <Filter>Header Files</Filter>
    </CustomBuild>
    <CustomBuild Include="Mt_VideoThread.h">
      <Filter>Header Files</Filter>
    </CustomBuild>
    <CustomBuild Include="Mt_AudioThread.h">
      <Filter>Header Files</Filter>
    </CustomBuild>
    <CustomBuild Include="Mt_ReadThread.h">
      <Filter>Header Files</Filter>
    </CustomBuild>
  </ItemGroup>
  <ItemGroup>
    <ClInclude Include="GeneratedFiles\ui_mtplay.h">
      <Filter>Generated Files</Filter>
    </ClInclude>
    <ClInclude Include="Mt_deque.h">
      <Filter>Header Files</Filter>
    </ClInclude>
    <ClInclude Include="Mt_OpenVideo.h">
      <Filter>Header Files</Filter>
    </ClInclude>
    <ClInclude Include="Mt_VideoDecode.h">
      <Filter>Header Files</Filter>
    </ClInclude>
    <ClInclude Include="Mt_AudioPlay.h">
      <Filter>Header Files</Filter>
    </ClInclude>
    <ClInclude Include="HFYqueue.hpp">
      <Filter>data</Filter>
    </ClInclude>
  </ItemGroup>
</Project>